
Microsoft Visual Studio Solution File, Format Version 12.00
# Visual Studio Version 16
VisualStudioVersion = 16.0.31321.278
MinimumVisualStudioVersion = 10.0.40219.1
Project("{FAE04EC0-301F-11D3-BF4B-00C04F79EFBC}") = "IteratorDesignPattern", "IteratorDesignPattern\IteratorDesignPattern.csproj", "{36A51538-DBDF-4DD8-9E40-A95C833E2E90}"
EndProject
Global
	GlobalSection(SolutionConfigurationPlatforms) = preSolution
		Debug|Any CPU = Debug|Any CPU
		Release|Any CPU = Release|Any CPU
	EndGlobalSection
	GlobalSection(ProjectConfigurationPlatforms) = postSolution
		{36A51538-DBDF-4DD8-9E40-A95C833E2E90}.Debug|Any CPU.ActiveCfg = Debug|Any CPU
		{36A51538-DBDF-4DD8-9E40-A95C833E2E90}.Debug|Any CPU.Build.0 = Debug|Any CPU
		{36A51538-DBDF-4DD8-9E40-A95C833E2E90}.Release|Any CPU.ActiveCfg = Release|Any CPU
		{36A51538-DBDF-4DD8-9E40-A95C833E2E90}.Release|Any CPU.Build.0 = Release|Any CPU
	EndGlobalSection
	GlobalSection(SolutionProperties) = preSolution
		HideSolutionNode = FALSE
	EndGlobalSection
	GlobalSection(ExtensibilityGlobals) = postSolution
		SolutionGuid = {033A2841-EF73-4EF3-A66B-48C379C3A5EA}
	EndGlobalSection
EndGlobal
